
Microsoft Visual Studio Solution File, Format Version 12.00
# Visual Studio Version 17
VisualStudioVersion = 17.8.34330.188
MinimumVisualStudioVersion = 10.0.40219.1
Project("{FAE04EC0-301F-11D3-BF4B-00C04F79EFBC}") = "HW4SAR", "HW4SAR\HW4SAR.csproj", "{1C631F58-FF86-49F8-8E58-0ECCE685045A}"
EndProject
Global
	GlobalSection(SolutionConfigurationPlatforms) = preSolution
		Debug|Any CPU = Debug|Any CPU
		Release|Any CPU = Release|Any CPU
	EndGlobalSection
	GlobalSection(ProjectConfigurationPlatforms) = postSolution
		{1C631F58-FF86-49F8-8E58-0ECCE685045A}.Debug|Any CPU.ActiveCfg = Debug|Any CPU
		{1C631F58-FF86-49F8-8E58-0ECCE685045A}.Debug|Any CPU.Build.0 = Debug|Any CPU
		{1C631F58-FF86-49F8-8E58-0ECCE685045A}.Release|Any CPU.ActiveCfg = Release|Any CPU
		{1C631F58-FF86-49F8-8E58-0ECCE685045A}.Release|Any CPU.Build.0 = Release|Any CPU
	EndGlobalSection
	GlobalSection(SolutionProperties) = preSolution
		HideSolutionNode = FALSE
	EndGlobalSection
	GlobalSection(ExtensibilityGlobals) = postSolution
		SolutionGuid = {C0A6EF24-3A47-4C26-B990-40533C12E8D8}
	EndGlobalSection
EndGlobal
